
Microsoft Visual Studio Solution File, Format Version 12.00
# Visual Studio Version 17
VisualStudioVersion = 17.8.34004.107
MinimumVisualStudioVersion = 10.0.40219.1
Project("{9A19103F-16F7-4668-BE54-9A1E7A4F7556}") = "AspNetCoreIdentityApp.Web", "AspNetCoreIdentityApp.Web\AspNetCoreIdentityApp.Web.csproj", "{5CD42B55-A5D4-4F73-9CAA-A9B8F732E43F}"
EndProject
Project("{FAE04EC0-301F-11D3-BF4B-00C04F79EFBC}") = "AspNetCoreIdentityApp.Core", "AspNetCoreIdentityApp.Core\AspNetCoreIdentityApp.Core.csproj", "{A20A358B-A860-4953-A010-03363896C4D3}"
EndProject
Project("{FAE04EC0-301F-11D3-BF4B-00C04F79EFBC}") = "AspNetCoreIdentityApp.Repository", "AspNetCoreIdentityApp.Repository\AspNetCoreIdentityApp.Repository.csproj", "{5774F293-6AFA-49BB-8ECE-07C942CA3160}"
EndProject
Project("{FAE04EC0-301F-11D3-BF4B-00C04F79EFBC}") = "AspNetCoreIdentityApp.Service", "AspNetCoreIdentityApp.Service\AspNetCoreIdentityApp.Service.csproj", "{52BD6016-E10A-47A8-A5BB-E9316AFBFE3C}"
EndProject
Global
	GlobalSection(SolutionConfigurationPlatforms) = preSolution
		Debug|Any CPU = Debug|Any CPU
		Release|Any CPU = Release|Any CPU
	EndGlobalSection
	GlobalSection(ProjectConfigurationPlatforms) = postSolution
		{5CD42B55-A5D4-4F73-9CAA-A9B8F732E43F}.Debug|Any CPU.ActiveCfg = Debug|Any CPU
		{5CD42B55-A5D4-4F73-9CAA-A9B8F732E43F}.Debug|Any CPU.Build.0 = Debug|Any CPU
		{5CD42B55-A5D4-4F73-9CAA-A9B8F732E43F}.Release|Any CPU.ActiveCfg = Release|Any CPU
		{5CD42B55-A5D4-4F73-9CAA-A9B8F732E43F}.Release|Any CPU.Build.0 = Release|Any CPU
		{A20A358B-A860-4953-A010-03363896C4D3}.Debug|Any CPU.ActiveCfg = Debug|Any CPU
		{A20A358B-A860-4953-A010-03363896C4D3}.Debug|Any CPU.Build.0 = Debug|Any CPU
		{A20A358B-A860-4953-A010-03363896C4D3}.Release|Any CPU.ActiveCfg = Release|Any CPU
		{A20A358B-A860-4953-A010-03363896C4D3}.Release|Any CPU.Build.0 = Release|Any CPU
		{5774F293-6AFA-49BB-8ECE-07C942CA3160}.Debug|Any CPU.ActiveCfg = Debug|Any CPU
		{5774F293-6AFA-49BB-8ECE-07C942CA3160}.Debug|Any CPU.Build.0 = Debug|Any CPU
		{5774F293-6AFA-49BB-8ECE-07C942CA3160}.Release|Any CPU.ActiveCfg = Release|Any CPU
		{5774F293-6AFA-49BB-8ECE-07C942CA3160}.Release|Any CPU.Build.0 = Release|Any CPU
		{52BD6016-E10A-47A8-A5BB-E9316AFBFE3C}.Debug|Any CPU.ActiveCfg = Debug|Any CPU
		{52BD6016-E10A-47A8-A5BB-E9316AFBFE3C}.Debug|Any CPU.Build.0 = Debug|Any CPU
		{52BD6016-E10A-47A8-A5BB-E9316AFBFE3C}.Release|Any CPU.ActiveCfg = Release|Any CPU
		{52BD6016-E10A-47A8-A5BB-E9316AFBFE3C}.Release|Any CPU.Build.0 = Release|Any CPU
	EndGlobalSection
	GlobalSection(SolutionProperties) = preSolution
		HideSolutionNode = FALSE
	EndGlobalSection
	GlobalSection(ExtensibilityGlobals) = postSolution
		SolutionGuid = {F628E1EC-A012-46A8-AD17-F2F5CEF99B75}
	EndGlobalSection
EndGlobal
